
Microsoft Visual Studio Solution File, Format Version 12.00
# Visual Studio Version 16
VisualStudioVersion = 16.0.31112.23
MinimumVisualStudioVersion = 10.0.40219.1
Project("{FAE04EC0-301F-11D3-BF4B-00C04F79EFBC}") = "MicroserviceDemo", "MicroserviceDemo\MicroserviceDemo.csproj", "{246542E2-3AC5-4492-88D1-3CB97182CBD1}"
EndProject
Global
	GlobalSection(SolutionConfigurationPlatforms) = preSolution
		Debug|Any CPU = Debug|Any CPU
		Release|Any CPU = Release|Any CPU
	EndGlobalSection
	GlobalSection(ProjectConfigurationPlatforms) = postSolution
		{246542E2-3AC5-4492-88D1-3CB97182CBD1}.Debug|Any CPU.ActiveCfg = Debug|Any CPU
		{246542E2-3AC5-4492-88D1-3CB97182CBD1}.Debug|Any CPU.Build.0 = Debug|Any CPU
		{246542E2-3AC5-4492-88D1-3CB97182CBD1}.Release|Any CPU.ActiveCfg = Release|Any CPU
		{246542E2-3AC5-4492-88D1-3CB97182CBD1}.Release|Any CPU.Build.0 = Release|Any CPU
	EndGlobalSection
	GlobalSection(SolutionProperties) = preSolution
		HideSolutionNode = FALSE
	EndGlobalSection
	GlobalSection(ExtensibilityGlobals) = postSolution
		SolutionGuid = {02D84478-0C62-48FF-A7AB-7787520AE2F6}
	EndGlobalSection
EndGlobal
